// !$*UTF8*$!
{
	archiveVersion = 1;
	classes = {
	};
	objectVersion = 56;
	objects = {

/* Begin PBXBuildFile section */
		A46897A32B8AE6A600353331 /* WeatherData.swift in Sources */ = {isa = PBXBuildFile; fileRef = A46897A22B8AE6A600353331 /* WeatherData.swift */; };
		A46897A52B8B293A00353331 /* WeatherModel.swift in Sources */ = {isa = PBXBuildFile; fileRef = A46897A42B8B293A00353331 /* WeatherModel.swift */; };
		A4D1214E2B8A2A8700C71CBF /* AppDelegate.swift in Sources */ = {isa = PBXBuildFile; fileRef = A4D1214D2B8A2A8700C71CBF /* AppDelegate.swift */; };
		A4D121502B8A2A8700C71CBF /* SceneDelegate.swift in Sources */ = {isa = PBXBuildFile; fileRef = A4D1214F2B8A2A8700C71CBF /* SceneDelegate.swift */; };
		A4D121522B8A2A8700C71CBF /* WeatherViewController.swift in Sources */ = {isa = PBXBuildFile; fileRef = A4D121512B8A2A8700C71CBF /* WeatherViewController.swift */; };
		A4D121552B8A2A8700C71CBF /* Main.storyboard in Resources */ = {isa = PBXBuildFile; fileRef = A4D121532B8A2A8700C71CBF /* Main.storyboard */; };
		A4D121572B8A2A8900C71CBF /* Assets.xcassets in Resources */ = {isa = PBXBuildFile; fileRef = A4D121562B8A2A8900C71CBF /* Assets.xcassets */; };
		A4D1215A2B8A2A8900C71CBF /* LaunchScreen.storyboard in Resources */ = {isa = PBXBuildFile; fileRef = A4D121582B8A2A8900C71CBF /* LaunchScreen.storyboard */; };
		A4D121662B8A56F500C71CBF /* WeatherManager.swift in Sources */ = {isa = PBXBuildFile; fileRef = A4D121652B8A56F500C71CBF /* WeatherManager.swift */; };
/* End PBXBuildFile section */

/* Begin PBXFileReference section */
		A46897A22B8AE6A600353331 /* WeatherData.swift */ = {isa = PBXFileReference; lastKnownFileType = sourcecode.swift; path = WeatherData.swift; sourceTree = "<group>"; };
		A46897A42B8B293A00353331 /* WeatherModel.swift */ = {isa = PBXFileReference; lastKnownFileType = sourcecode.swift; path = WeatherModel.swift; sourceTree = "<group>"; };
		A4D1214A2B8A2A8700C71CBF /* climate.app */ = {isa = PBXFileReference; explicitFileType = wrapper.application; includeInIndex = 0; path = climate.app; sourceTree = BUILT_PRODUCTS_DIR; };
		A4D1214D2B8A2A8700C71CBF /* AppDelegate.swift */ = {isa = PBXFileReference; lastKnownFileType = sourcecode.swift; path = AppDelegate.swift; sourceTree = "<group>"; };
		A4D1214F2B8A2A8700C71CBF /* SceneDelegate.swift */ = {isa = PBXFileReference; lastKnownFileType = sourcecode.swift; path = SceneDelegate.swift; sourceTree = "<group>"; };
		A4D121512B8A2A8700C71CBF /* WeatherViewController.swift */ = {isa = PBXFileReference; lastKnownFileType = sourcecode.swift; path = WeatherViewController.swift; sourceTree = "<group>"; };
		A4D121542B8A2A8700C71CBF /* Base */ = {isa = PBXFileReference; lastKnownFileType = file.storyboard; name = Base; path = Base.lproj/Main.storyboard; sourceTree = "<group>"; };
		A4D121562B8A2A8900C71CBF /* Assets.xcassets */ = {isa = PBXFileReference; lastKnownFileType = folder.assetcatalog; path = Assets.xcassets; sourceTree = "<group>"; };
		A4D121592B8A2A8900C71CBF /* Base */ = {isa = PBXFileReference; lastKnownFileType = file.storyboard; name = Base; path = Base.lproj/LaunchScreen.storyboard; sourceTree = "<group>"; };
		A4D1215B2B8A2A8900C71CBF /* Info.plist */ = {isa = PBXFileReference; lastKnownFileType = text.plist.xml; path = Info.plist; sourceTree = "<group>"; };
		A4D121652B8A56F500C71CBF /* WeatherManager.swift */ = {isa = PBXFileReference; lastKnownFileType = sourcecode.swift; path = WeatherManager.swift; sourceTree = "<group>"; };
/* End PBXFileReference section */

/* Begin PBXFrameworksBuildPhase section */
		A4D121472B8A2A8700C71CBF /* Frameworks */ = {
			isa = PBXFrameworksBuildPhase;
			buildActionMask = 2147483647;
			files = (
			);
			runOnlyForDeploymentPostprocessing = 0;
		};
/* End PBXFrameworksBuildPhase section */

/* Begin PBXGroup section */
		A4D121412B8A2A8700C71CBF = {
			isa = PBXGroup;
			children = (
				A4D1214C2B8A2A8700C71CBF /* climate */,
				A4D1214B2B8A2A8700C71CBF /* Products */,
			);
			sourceTree = "<group>";
		};
		A4D1214B2B8A2A8700C71CBF /* Products */ = {
			isa = PBXGroup;
			children = (
				A4D1214A2B8A2A8700C71CBF /* climate.app */,
			);
			name = Products;
			sourceTree = "<group>";
		};
		A4D1214C2B8A2A8700C71CBF /* climate */ = {
			isa = PBXGroup;
			children = (
				A4D1214D2B8A2A8700C71CBF /* AppDelegate.swift */,
				A4D1214F2B8A2A8700C71CBF /* SceneDelegate.swift */,
				A4D121642B8A556D00C71CBF /* Model */,
				A4D121622B8A2C6700C71CBF /* Controller */,
				A4D121612B8A2C5000C71CBF /* View */,
				A4D121562B8A2A8900C71CBF /* Assets.xcassets */,
				A4D121582B8A2A8900C71CBF /* LaunchScreen.storyboard */,
				A4D1215B2B8A2A8900C71CBF /* Info.plist */,
			);
			path = climate;
			sourceTree = "<group>";
		};
		A4D121612B8A2C5000C71CBF /* View */ = {
			isa = PBXGroup;
			children = (
				A4D121532B8A2A8700C71CBF /* Main.storyboard */,
			);
			path = View;
			sourceTree = "<group>";
		};
		A4D121622B8A2C6700C71CBF /* Controller */ = {
			isa = PBXGroup;
			children = (
				A4D121512B8A2A8700C71CBF /* WeatherViewController.swift */,
			);
			path = Controller;
			sourceTree = "<group>";
		};
		A4D121642B8A556D00C71CBF /* Model */ = {
			isa = PBXGroup;
			children = (
				A4D121652B8A56F500C71CBF /* WeatherManager.swift */,
				A46897A22B8AE6A600353331 /* WeatherData.swift */,
				A46897A42B8B293A00353331 /* WeatherModel.swift */,
			);
			path = Model;
			sourceTree = "<group>";
		};
/* End PBXGroup section */

/* Begin PBXNativeTarget section */
		A4D121492B8A2A8700C71CBF /* climate */ = {
			isa = PBXNativeTarget;
			buildConfigurationList = A4D1215E2B8A2A8900C71CBF /* Build configuration list for PBXNativeTarget "climate" */;
			buildPhases = (
				A4D121462B8A2A8700C71CBF /* Sources */,
				A4D121472B8A2A8700C71CBF /* Frameworks */,
				A4D121482B8A2A8700C71CBF /* Resources */,
			);
			buildRules = (
			);
			dependencies = (
			);
			name = climate;
			productName = climate;
			productReference = A4D1214A2B8A2A8700C71CBF /* climate.app */;
			productType = "com.apple.product-type.application";
		};
/* End PBXNativeTarget section */

/* Begin PBXProject section */
		A4D121422B8A2A8700C71CBF /* Project object */ = {
			isa = PBXProject;
			attributes = {
				BuildIndependentTargetsInParallel = 1;
				LastSwiftUpdateCheck = 1520;
				LastUpgradeCheck = 1520;
				TargetAttributes = {
					A4D121492B8A2A8700C71CBF = {
						CreatedOnToolsVersion = 15.2;
					};
				};
			};
			buildConfigurationList = A4D121452B8A2A8700C71CBF /* Build configuration list for PBXProject "climate" */;
			compatibilityVersion = "Xcode 14.0";
			developmentRegion = en;
			hasScannedForEncodings = 0;
			knownRegions = (
				en,
				Base,
			);
			mainGroup = A4D121412B8A2A8700C71CBF;
			productRefGroup = A4D1214B2B8A2A8700C71CBF /* Products */;
			projectDirPath = "";
			projectRoot = "";
			targets = (
				A4D121492B8A2A8700C71CBF /* climate */,
			);
		};
/* End PBXProject section */

/* Begin PBXResourcesBuildPhase section */
		A4D121482B8A2A8700C71CBF /* Resources */ = {
			isa = PBXResourcesBuildPhase;
			buildActionMask = 2147483647;
			files = (
				A4D1215A2B8A2A8900C71CBF /* LaunchScreen.storyboard in Resources */,
				A4D121572B8A2A8900C71CBF /* Assets.xcassets in Resources */,
				A4D121552B8A2A8700C71CBF /* Main.storyboard in Resources */,
			);
			runOnlyForDeploymentPostprocessing = 0;
		};
/* End PBXResourcesBuildPhase section */

/* Begin PBXSourcesBuildPhase section */
		A4D121462B8A2A8700C71CBF /* Sources */ = {
			isa = PBXSourcesBuildPhase;
			buildActionMask = 2147483647;
			files = (
				A4D121522B8A2A8700C71CBF /* WeatherViewController.swift in Sources */,
				A46897A32B8AE6A600353331 /* WeatherData.swift in Sources */,
				A4D1214E2B8A2A8700C71CBF /* AppDelegate.swift in Sources */,
				A4D121662B8A56F500C71CBF /* WeatherManager.swift in Sources */,
				A46897A52B8B293A00353331 /* WeatherModel.swift in Sources */,
				A4D121502B8A2A8700C71CBF /* SceneDelegate.swift in Sources */,
			);
			runOnlyForDeploymentPostprocessing = 0;
		};
/* End PBXSourcesBuildPhase section */

/* Begin PBXVariantGroup section */
		A4D121532B8A2A8700C71CBF /* Main.storyboard */ = {
			isa = PBXVariantGroup;
			children = (
				A4D121542B8A2A8700C71CBF /* Base */,
			);
			name = Main.storyboard;
			sourceTree = "<group>";
		};
		A4D121582B8A2A8900C71CBF /* LaunchScreen.storyboard */ = {
			isa = PBXVariantGroup;
			children = (
				A4D121592B8A2A8900C71CBF /* Base */,
			);
			name = LaunchScreen.storyboard;
			sourceTree = "<group>";
		};
/* End PBXVariantGroup section */

/* Begin XCBuildConfiguration section */
		A4D1215C2B8A2A8900C71CBF /* Debug */ = {
			isa = XCBuildConfiguration;
			buildSettings = {
				ALWAYS_SEARCH_USER_PATHS = NO;
				ASSETCATALOG_COMPILER_GENERATE_SWIFT_ASSET_SYMBOL_EXTENSIONS = YES;
				CLANG_ANALYZER_NONNULL = YES;
				CLANG_ANALYZER_NUMBER_OBJECT_CONVERSION = YES_AGGRESSIVE;
				CLANG_CXX_LANGUAGE_STANDARD = "gnu++20";
				CLANG_ENABLE_MODULES = YES;
				CLANG_ENABLE_OBJC_ARC = YES;
				CLANG_ENABLE_OBJC_WEAK = YES;
				CLANG_WARN_BLOCK_CAPTURE_AUTORELEASING = YES;
				CLANG_WARN_BOOL_CONVERSION = YES;
				CLANG_WARN_COMMA = YES;
				CLANG_WARN_CONSTANT_CONVERSION = YES;
				CLANG_WARN_DEPRECATED_OBJC_IMPLEMENTATIONS = YES;
				CLANG_WARN_DIRECT_OBJC_ISA_USAGE = YES_ERROR;
				CLANG_WARN_DOCUMENTATION_COMMENTS = YES;
				CLANG_WARN_EMPTY_BODY = YES;
				CLANG_WARN_ENUM_CONVERSION = YES;
				CLANG_WARN_INFINITE_RECURSION = YES;
				CLANG_WARN_INT_CONVERSION = YES;
				CLANG_WARN_NON_LITERAL_NULL_CONVERSION = YES;
				CLANG_WARN_OBJC_IMPLICIT_RETAIN_SELF = YES;
				CLANG_WARN_OBJC_LITERAL_CONVERSION = YES;
				CLANG_WARN_OBJC_ROOT_CLASS = YES_ERROR;
				CLANG_WARN_QUOTED_INCLUDE_IN_FRAMEWORK_HEADER = YES;
				CLANG_WARN_RANGE_LOOP_ANALYSIS = YES;
				CLANG_WARN_STRICT_PROTOTYPES = YES;
				CLANG_WARN_SUSPICIOUS_MOVE = YES;
				CLANG_WARN_UNGUARDED_AVAILABILITY = YES_AGGRESSIVE;
				CLANG_WARN_UNREACHABLE_CODE = YES;
				CLANG_WARN__DUPLICATE_METHOD_MATCH = YES;
				COPY_PHASE_STRIP = NO;
				DEBUG_INFORMATION_FORMAT = dwarf;
				ENABLE_STRICT_OBJC_MSGSEND = YES;
				ENABLE_TESTABILITY = YES;
				ENABLE_USER_SCRIPT_SANDBOXING = YES;
				GCC_C_LANGUAGE_STANDARD = gnu17;
				GCC_DYNAMIC_NO_PIC = NO;
				GCC_NO_COMMON_BLOCKS = YES;
				GCC_OPTIMIZATION_LEVEL = 0;
				GCC_PREPROCESSOR_DEFINITIONS = (
					"DEBUG=1",
					"$(inherited)",
				);
				GCC_WARN_64_TO_32_BIT_CONVERSION = YES;
				GCC_WARN_ABOUT_RETURN_TYPE = YES_ERROR;
				GCC_WARN_UNDECLARED_SELECTOR = YES;
				GCC_WARN_UNINITIALIZED_AUTOS = YES_AGGRESSIVE;
				GCC_WARN_UNUSED_FUNCTION = YES;
				GCC_WARN_UNUSED_VARIABLE = YES;
				IPHONEOS_DEPLOYMENT_TARGET = 17.2;
				LOCALIZATION_PREFERS_STRING_CATALOGS = YES;
				MTL_ENABLE_DEBUG_INFO = INCLUDE_SOURCE;
				MTL_FAST_MATH = YES;
				ONLY_ACTIVE_ARCH = YES;
				SDKROOT = iphoneos;
				SWIFT_ACTIVE_COMPILATION_CONDITIONS = "DEBUG $(inherited)";
				SWIFT_OPTIMIZATION_LEVEL = "-Onone";
			};
			name = Debug;
		};
		A4D1215D2B8A2A8900C71CBF /* Release */ = {
			isa = XCBuildConfiguration;
			buildSettings = {
				ALWAYS_SEARCH_USER_PATHS = NO;
				ASSETCATALOG_COMPILER_GENERATE_SWIFT_ASSET_SYMBOL_EXTENSIONS = YES;
				CLANG_ANALYZER_NONNULL = YES;
				CLANG_ANALYZER_NUMBER_OBJECT_CONVERSION = YES_AGGRESSIVE;
				CLANG_CXX_LANGUAGE_STANDARD = "gnu++20";
				CLANG_ENABLE_MODULES = YES;
				CLANG_ENABLE_OBJC_ARC = YES;
				CLANG_ENABLE_OBJC_WEAK = YES;
				CLANG_WARN_BLOCK_CAPTURE_AUTORELEASING = YES;
				CLANG_WARN_BOOL_CONVERSION = YES;
				CLANG_WARN_COMMA = YES;
				CLANG_WARN_CONSTANT_CONVERSION = YES;
				CLANG_WARN_DEPRECATED_OBJC_IMPLEMENTATIONS = YES;
				CLANG_WARN_DIRECT_OBJC_ISA_USAGE = YES_ERROR;
				CLANG_WARN_DOCUMENTATION_COMMENTS = YES;
				CLANG_WARN_EMPTY_BODY = YES;
				CLANG_WARN_ENUM_CONVERSION = YES;
				CLANG_WARN_INFINITE_RECURSION = YES;
				CLANG_WARN_INT_CONVERSION = YES;
				CLANG_WARN_NON_LITERAL_NULL_CONVERSION = YES;
				CLANG_WARN_OBJC_IMPLICIT_RETAIN_SELF = YES;
				CLANG_WARN_OBJC_LITERAL_CONVERSION = YES;
				CLANG_WARN_OBJC_ROOT_CLASS = YES_ERROR;
				CLANG_WARN_QUOTED_INCLUDE_IN_FRAMEWORK_HEADER = YES;
				CLANG_WARN_RANGE_LOOP_ANALYSIS = YES;
				CLANG_WARN_STRICT_PROTOTYPES = YES;
				CLANG_WARN_SUSPICIOUS_MOVE = YES;
				CLANG_WARN_UNGUARDED_AVAILABILITY = YES_AGGRESSIVE;
				CLANG_WARN_UNREACHABLE_CODE = YES;
				CLANG_WARN__DUPLICATE_METHOD_MATCH = YES;
				COPY_PHASE_STRIP = NO;
				DEBUG_INFORMATION_FORMAT = "dwarf-with-dsym";
				ENABLE_NS_ASSERTIONS = NO;
				ENABLE_STRICT_OBJC_MSGSEND = YES;
				ENABLE_USER_SCRIPT_SANDBOXING = YES;
				GCC_C_LANGUAGE_STANDARD = gnu17;
				GCC_NO_COMMON_BLOCKS = YES;
				GCC_WARN_64_TO_32_BIT_CONVERSION = YES;
				GCC_WARN_ABOUT_RETURN_TYPE = YES_ERROR;
				GCC_WARN_UNDECLARED_SELECTOR = YES;
				GCC_WARN_UNINITIALIZED_AUTOS = YES_AGGRESSIVE;
				GCC_WARN_UNUSED_FUNCTION = YES;
				GCC_WARN_UNUSED_VARIABLE = YES;
				IPHONEOS_DEPLOYMENT_TARGET = 17.2;
				LOCALIZATION_PREFERS_STRING_CATALOGS = YES;
				MTL_ENABLE_DEBUG_INFO = NO;
				MTL_FAST_MATH = YES;
				SDKROOT = iphoneos;
				SWIFT_COMPILATION_MODE = wholemodule;
				VALIDATE_PRODUCT = YES;
			};
			name = Release;
		};
		A4D1215F2B8A2A8900C71CBF /* Debug */ = {
			isa = XCBuildConfiguration;
			buildSettings = {
				ASSETCATALOG_COMPILER_APPICON_NAME = AppIcon;
				ASSETCATALOG_COMPILER_GLOBAL_ACCENT_COLOR_NAME = AccentColor;
				CODE_SIGN_STYLE = Automatic;
				CURRENT_PROJECT_VERSION = 1;
				DEVELOPMENT_TEAM = 87Q87RMH46;
				GENERATE_INFOPLIST_FILE = YES;
				INFOPLIST_FILE = climate/Info.plist;
				INFOPLIST_KEY_NSLocationWhenInUseUsageDescription = "We need your location";
				INFOPLIST_KEY_UIApplicationSupportsIndirectInputEvents = YES;
				INFOPLIST_KEY_UILaunchStoryboardName = LaunchScreen;
				INFOPLIST_KEY_UIMainStoryboardFile = Main;
				INFOPLIST_KEY_UISupportedInterfaceOrientations_iPad = "UIInterfaceOrientationPortrait UIInterfaceOrientationPortraitUpsideDown UIInterfaceOrientationLandscapeLeft UIInterfaceOrientationLandscapeRight";
				INFOPLIST_KEY_UISupportedInterfaceOrientations_iPhone = "UIInterfaceOrientationPortrait UIInterfaceOrientationLandscapeLeft UIInterfaceOrientationLandscapeRight";
				IPHONEOS_DEPLOYMENT_TARGET = 17.0;
				LD_RUNPATH_SEARCH_PATHS = (
					"$(inherited)",
					"@executable_path/Frameworks",
				);
				MARKETING_VERSION = 1.0;
				PRODUCT_BUNDLE_IDENTIFIER = com.sushi.climate;
				PRODUCT_NAME = "$(TARGET_NAME)";
				SWIFT_EMIT_LOC_STRINGS = YES;
				SWIFT_VERSION = 5.0;
				TARGETED_DEVICE_FAMILY = "1,2";
			};
			name = Debug;
		};
		A4D121602B8A2A8900C71CBF /* Release */ = {
			isa = XCBuildConfiguration;
			buildSettings = {
				ASSETCATALOG_COMPILER_APPICON_NAME = AppIcon;
				ASSETCATALOG_COMPILER_GLOBAL_ACCENT_COLOR_NAME = AccentColor;
				CODE_SIGN_STYLE = Automatic;
				CURRENT_PROJECT_VERSION = 1;
				DEVELOPMENT_TEAM = 87Q87RMH46;
				GENERATE_INFOPLIST_FILE = YES;
				INFOPLIST_FILE = climate/Info.plist;
				INFOPLIST_KEY_NSLocationWhenInUseUsageDescription = "We need your location";
				INFOPLIST_KEY_UIApplicationSupportsIndirectInputEvents = YES;
				INFOPLIST_KEY_UILaunchStoryboardName = LaunchScreen;
				INFOPLIST_KEY_UIMainStoryboardFile = Main;
				INFOPLIST_KEY_UISupportedInterfaceOrientations_iPad = "UIInterfaceOrientationPortrait UIInterfaceOrientationPortraitUpsideDown UIInterfaceOrientationLandscapeLeft UIInterfaceOrientationLandscapeRight";
				INFOPLIST_KEY_UISupportedInterfaceOrientations_iPhone = "UIInterfaceOrientationPortrait UIInterfaceOrientationLandscapeLeft UIInterfaceOrientationLandscapeRight";
				IPHONEOS_DEPLOYMENT_TARGET = 17.0;
				LD_RUNPATH_SEARCH_PATHS = (
					"$(inherited)",
					"@executable_path/Frameworks",
				);
				MARKETING_VERSION = 1.0;
				PRODUCT_BUNDLE_IDENTIFIER = com.sushi.climate;
				PRODUCT_NAME = "$(TARGET_NAME)";
				SWIFT_EMIT_LOC_STRINGS = YES;
				SWIFT_VERSION = 5.0;
				TARGETED_DEVICE_FAMILY = "1,2";
			};
			name = Release;
		};
/* End XCBuildConfiguration section */

/* Begin XCConfigurationList section */
		A4D121452B8A2A8700C71CBF /* Build configuration list for PBXProject "climate" */ = {
			isa = XCConfigurationList;
			buildConfigurations = (
				A4D1215C2B8A2A8900C71CBF /* Debug */,
				A4D1215D2B8A2A8900C71CBF /* Release */,
			);
			defaultConfigurationIsVisible = 0;
			defaultConfigurationName = Release;
		};
		A4D1215E2B8A2A8900C71CBF /* Build configuration list for PBXNativeTarget "climate" */ = {
			isa = XCConfigurationList;
			buildConfigurations = (
				A4D1215F2B8A2A8900C71CBF /* Debug */,
				A4D121602B8A2A8900C71CBF /* Release */,
			);
			defaultConfigurationIsVisible = 0;
			defaultConfigurationName = Release;
		};
/* End XCConfigurationList section */
	};
	rootObject = A4D121422B8A2A8700C71CBF /* Project object */;
}
