// !$*UTF8*$!
{
	archiveVersion = 1;
	classes = {
	};
	objectVersion = 56;
	objects = {

/* Begin PBXBuildFile section */
		A457D9012B977442008EE7C4 /* SushiBusinessCardApp.swift in Sources */ = {isa = PBXBuildFile; fileRef = A457D9002B977442008EE7C4 /* SushiBusinessCardApp.swift */; };
		A457D9032B977442008EE7C4 /* ContentView.swift in Sources */ = {isa = PBXBuildFile; fileRef = A457D9022B977442008EE7C4 /* ContentView.swift */; };
		A457D9052B977443008EE7C4 /* Assets.xcassets in Resources */ = {isa = PBXBuildFile; fileRef = A457D9042B977443008EE7C4 /* Assets.xcassets */; };
		A457D9082B977443008EE7C4 /* Preview Assets.xcassets in Resources */ = {isa = PBXBuildFile; fileRef = A457D9072B977443008EE7C4 /* Preview Assets.xcassets */; };
		A457D9102B9787E2008EE7C4 /* Satisfy-Regular.ttf in Resources */ = {isa = PBXBuildFile; fileRef = A457D90F2B9787E2008EE7C4 /* Satisfy-Regular.ttf */; };
		A457D92D2B978F75008EE7C4 /* DancingScript-VariableFont_wght.ttf in Resources */ = {isa = PBXBuildFile; fileRef = A457D92C2B978F75008EE7C4 /* DancingScript-VariableFont_wght.ttf */; };
		A457D9312B979E08008EE7C4 /* InfoViewswift.swift in Sources */ = {isa = PBXBuildFile; fileRef = A457D9302B979E08008EE7C4 /* InfoViewswift.swift */; };
/* End PBXBuildFile section */

/* Begin PBXFileReference section */
		A457D8FD2B977442008EE7C4 /* SushiBusinessCard.app */ = {isa = PBXFileReference; explicitFileType = wrapper.application; includeInIndex = 0; path = SushiBusinessCard.app; sourceTree = BUILT_PRODUCTS_DIR; };
		A457D9002B977442008EE7C4 /* SushiBusinessCardApp.swift */ = {isa = PBXFileReference; lastKnownFileType = sourcecode.swift; path = SushiBusinessCardApp.swift; sourceTree = "<group>"; };
		A457D9022B977442008EE7C4 /* ContentView.swift */ = {isa = PBXFileReference; lastKnownFileType = sourcecode.swift; path = ContentView.swift; sourceTree = "<group>"; };
		A457D9042B977443008EE7C4 /* Assets.xcassets */ = {isa = PBXFileReference; lastKnownFileType = folder.assetcatalog; path = Assets.xcassets; sourceTree = "<group>"; };
		A457D9072B977443008EE7C4 /* Preview Assets.xcassets */ = {isa = PBXFileReference; lastKnownFileType = folder.assetcatalog; path = "Preview Assets.xcassets"; sourceTree = "<group>"; };
		A457D90F2B9787E2008EE7C4 /* Satisfy-Regular.ttf */ = {isa = PBXFileReference; lastKnownFileType = file; name = "Satisfy-Regular.ttf"; path = "../../../../../Downloads/Satisfy/Satisfy-Regular.ttf"; sourceTree = "<group>"; };
		A457D92B2B978E04008EE7C4 /* Info.plist */ = {isa = PBXFileReference; lastKnownFileType = text.plist; path = Info.plist; sourceTree = "<group>"; };
		A457D92C2B978F75008EE7C4 /* DancingScript-VariableFont_wght.ttf */ = {isa = PBXFileReference; lastKnownFileType = file; name = "DancingScript-VariableFont_wght.ttf"; path = "../../../../../Downloads/Dancing_Script/DancingScript-VariableFont_wght.ttf"; sourceTree = "<group>"; };
		A457D9302B979E08008EE7C4 /* InfoViewswift.swift */ = {isa = PBXFileReference; lastKnownFileType = sourcecode.swift; path = InfoViewswift.swift; sourceTree = "<group>"; };
/* End PBXFileReference section */

/* Begin PBXFrameworksBuildPhase section */
		A457D8FA2B977442008EE7C4 /* Frameworks */ = {
			isa = PBXFrameworksBuildPhase;
			buildActionMask = 2147483647;
			files = (
			);
			runOnlyForDeploymentPostprocessing = 0;
		};
/* End PBXFrameworksBuildPhase section */

/* Begin PBXGroup section */
		A457D8F42B977442008EE7C4 = {
			isa = PBXGroup;
			children = (
				A457D8FF2B977442008EE7C4 /* SushiBusinessCard */,
				A457D8FE2B977442008EE7C4 /* Products */,
			);
			sourceTree = "<group>";
		};
		A457D8FE2B977442008EE7C4 /* Products */ = {
			isa = PBXGroup;
			children = (
				A457D8FD2B977442008EE7C4 /* SushiBusinessCard.app */,
			);
			name = Products;
			sourceTree = "<group>";
		};
		A457D8FF2B977442008EE7C4 /* SushiBusinessCard */ = {
			isa = PBXGroup;
			children = (
				A457D92B2B978E04008EE7C4 /* Info.plist */,
				A457D90E2B978799008EE7C4 /* fonts */,
				A457D9002B977442008EE7C4 /* SushiBusinessCardApp.swift */,
				A457D9022B977442008EE7C4 /* ContentView.swift */,
				A457D9302B979E08008EE7C4 /* InfoViewswift.swift */,
				A457D9042B977443008EE7C4 /* Assets.xcassets */,
				A457D9062B977443008EE7C4 /* Preview Content */,
			);
			path = SushiBusinessCard;
			sourceTree = "<group>";
		};
		A457D9062B977443008EE7C4 /* Preview Content */ = {
			isa = PBXGroup;
			children = (
				A457D9072B977443008EE7C4 /* Preview Assets.xcassets */,
			);
			path = "Preview Content";
			sourceTree = "<group>";
		};
		A457D90E2B978799008EE7C4 /* fonts */ = {
			isa = PBXGroup;
			children = (
				A457D90F2B9787E2008EE7C4 /* Satisfy-Regular.ttf */,
				A457D92C2B978F75008EE7C4 /* DancingScript-VariableFont_wght.ttf */,
			);
			path = fonts;
			sourceTree = "<group>";
		};
/* End PBXGroup section */

/* Begin PBXNativeTarget section */
		A457D8FC2B977442008EE7C4 /* SushiBusinessCard */ = {
			isa = PBXNativeTarget;
			buildConfigurationList = A457D90B2B977443008EE7C4 /* Build configuration list for PBXNativeTarget "SushiBusinessCard" */;
			buildPhases = (
				A457D8F92B977442008EE7C4 /* Sources */,
				A457D8FA2B977442008EE7C4 /* Frameworks */,
				A457D8FB2B977442008EE7C4 /* Resources */,
			);
			buildRules = (
			);
			dependencies = (
			);
			name = SushiBusinessCard;
			productName = SushiBusinessCard;
			productReference = A457D8FD2B977442008EE7C4 /* SushiBusinessCard.app */;
			productType = "com.apple.product-type.application";
		};
/* End PBXNativeTarget section */

/* Begin PBXProject section */
		A457D8F52B977442008EE7C4 /* Project object */ = {
			isa = PBXProject;
			attributes = {
				BuildIndependentTargetsInParallel = 1;
				LastSwiftUpdateCheck = 1520;
				LastUpgradeCheck = 1520;
				TargetAttributes = {
					A457D8FC2B977442008EE7C4 = {
						CreatedOnToolsVersion = 15.2;
					};
				};
			};
			buildConfigurationList = A457D8F82B977442008EE7C4 /* Build configuration list for PBXProject "SushiBusinessCard" */;
			compatibilityVersion = "Xcode 14.0";
			developmentRegion = en;
			hasScannedForEncodings = 0;
			knownRegions = (
				en,
				Base,
			);
			mainGroup = A457D8F42B977442008EE7C4;
			productRefGroup = A457D8FE2B977442008EE7C4 /* Products */;
			projectDirPath = "";
			projectRoot = "";
			targets = (
				A457D8FC2B977442008EE7C4 /* SushiBusinessCard */,
			);
		};
/* End PBXProject section */

/* Begin PBXResourcesBuildPhase section */
		A457D8FB2B977442008EE7C4 /* Resources */ = {
			isa = PBXResourcesBuildPhase;
			buildActionMask = 2147483647;
			files = (
				A457D9102B9787E2008EE7C4 /* Satisfy-Regular.ttf in Resources */,
				A457D9082B977443008EE7C4 /* Preview Assets.xcassets in Resources */,
				A457D9052B977443008EE7C4 /* Assets.xcassets in Resources */,
				A457D92D2B978F75008EE7C4 /* DancingScript-VariableFont_wght.ttf in Resources */,
			);
			runOnlyForDeploymentPostprocessing = 0;
		};
/* End PBXResourcesBuildPhase section */

/* Begin PBXSourcesBuildPhase section */
		A457D8F92B977442008EE7C4 /* Sources */ = {
			isa = PBXSourcesBuildPhase;
			buildActionMask = 2147483647;
			files = (
				A457D9032B977442008EE7C4 /* ContentView.swift in Sources */,
				A457D9012B977442008EE7C4 /* SushiBusinessCardApp.swift in Sources */,
				A457D9312B979E08008EE7C4 /* InfoViewswift.swift in Sources */,
			);
			runOnlyForDeploymentPostprocessing = 0;
		};
/* End PBXSourcesBuildPhase section */

/* Begin XCBuildConfiguration section */
		A457D9092B977443008EE7C4 /* Debug */ = {
			isa = XCBuildConfiguration;
			buildSettings = {
				ALWAYS_SEARCH_USER_PATHS = NO;
				ASSETCATALOG_COMPILER_GENERATE_SWIFT_ASSET_SYMBOL_EXTENSIONS = YES;
				CLANG_ANALYZER_NONNULL = YES;
				CLANG_ANALYZER_NUMBER_OBJECT_CONVERSION = YES_AGGRESSIVE;
				CLANG_CXX_LANGUAGE_STANDARD = "gnu++20";
				CLANG_ENABLE_MODULES = YES;
				CLANG_ENABLE_OBJC_ARC = YES;
				CLANG_ENABLE_OBJC_WEAK = YES;
				CLANG_WARN_BLOCK_CAPTURE_AUTORELEASING = YES;
				CLANG_WARN_BOOL_CONVERSION = YES;
				CLANG_WARN_COMMA = YES;
				CLANG_WARN_CONSTANT_CONVERSION = YES;
				CLANG_WARN_DEPRECATED_OBJC_IMPLEMENTATIONS = YES;
				CLANG_WARN_DIRECT_OBJC_ISA_USAGE = YES_ERROR;
				CLANG_WARN_DOCUMENTATION_COMMENTS = YES;
				CLANG_WARN_EMPTY_BODY = YES;
				CLANG_WARN_ENUM_CONVERSION = YES;
				CLANG_WARN_INFINITE_RECURSION = YES;
				CLANG_WARN_INT_CONVERSION = YES;
				CLANG_WARN_NON_LITERAL_NULL_CONVERSION = YES;
				CLANG_WARN_OBJC_IMPLICIT_RETAIN_SELF = YES;
				CLANG_WARN_OBJC_LITERAL_CONVERSION = YES;
				CLANG_WARN_OBJC_ROOT_CLASS = YES_ERROR;
				CLANG_WARN_QUOTED_INCLUDE_IN_FRAMEWORK_HEADER = YES;
				CLANG_WARN_RANGE_LOOP_ANALYSIS = YES;
				CLANG_WARN_STRICT_PROTOTYPES = YES;
				CLANG_WARN_SUSPICIOUS_MOVE = YES;
				CLANG_WARN_UNGUARDED_AVAILABILITY = YES_AGGRESSIVE;
				CLANG_WARN_UNREACHABLE_CODE = YES;
				CLANG_WARN__DUPLICATE_METHOD_MATCH = YES;
				COPY_PHASE_STRIP = NO;
				DEBUG_INFORMATION_FORMAT = dwarf;
				ENABLE_STRICT_OBJC_MSGSEND = YES;
				ENABLE_TESTABILITY = YES;
				ENABLE_USER_SCRIPT_SANDBOXING = YES;
				GCC_C_LANGUAGE_STANDARD = gnu17;
				GCC_DYNAMIC_NO_PIC = NO;
				GCC_NO_COMMON_BLOCKS = YES;
				GCC_OPTIMIZATION_LEVEL = 0;
				GCC_PREPROCESSOR_DEFINITIONS = (
					"DEBUG=1",
					"$(inherited)",
				);
				GCC_WARN_64_TO_32_BIT_CONVERSION = YES;
				GCC_WARN_ABOUT_RETURN_TYPE = YES_ERROR;
				GCC_WARN_UNDECLARED_SELECTOR = YES;
				GCC_WARN_UNINITIALIZED_AUTOS = YES_AGGRESSIVE;
				GCC_WARN_UNUSED_FUNCTION = YES;
				GCC_WARN_UNUSED_VARIABLE = YES;
				IPHONEOS_DEPLOYMENT_TARGET = 17.2;
				LOCALIZATION_PREFERS_STRING_CATALOGS = YES;
				MTL_ENABLE_DEBUG_INFO = INCLUDE_SOURCE;
				MTL_FAST_MATH = YES;
				ONLY_ACTIVE_ARCH = YES;
				SDKROOT = iphoneos;
				SWIFT_ACTIVE_COMPILATION_CONDITIONS = "DEBUG $(inherited)";
				SWIFT_OPTIMIZATION_LEVEL = "-Onone";
			};
			name = Debug;
		};
		A457D90A2B977443008EE7C4 /* Release */ = {
			isa = XCBuildConfiguration;
			buildSettings = {
				ALWAYS_SEARCH_USER_PATHS = NO;
				ASSETCATALOG_COMPILER_GENERATE_SWIFT_ASSET_SYMBOL_EXTENSIONS = YES;
				CLANG_ANALYZER_NONNULL = YES;
				CLANG_ANALYZER_NUMBER_OBJECT_CONVERSION = YES_AGGRESSIVE;
				CLANG_CXX_LANGUAGE_STANDARD = "gnu++20";
				CLANG_ENABLE_MODULES = YES;
				CLANG_ENABLE_OBJC_ARC = YES;
				CLANG_ENABLE_OBJC_WEAK = YES;
				CLANG_WARN_BLOCK_CAPTURE_AUTORELEASING = YES;
				CLANG_WARN_BOOL_CONVERSION = YES;
				CLANG_WARN_COMMA = YES;
				CLANG_WARN_CONSTANT_CONVERSION = YES;
				CLANG_WARN_DEPRECATED_OBJC_IMPLEMENTATIONS = YES;
				CLANG_WARN_DIRECT_OBJC_ISA_USAGE = YES_ERROR;
				CLANG_WARN_DOCUMENTATION_COMMENTS = YES;
				CLANG_WARN_EMPTY_BODY = YES;
				CLANG_WARN_ENUM_CONVERSION = YES;
				CLANG_WARN_INFINITE_RECURSION = YES;
				CLANG_WARN_INT_CONVERSION = YES;
				CLANG_WARN_NON_LITERAL_NULL_CONVERSION = YES;
				CLANG_WARN_OBJC_IMPLICIT_RETAIN_SELF = YES;
				CLANG_WARN_OBJC_LITERAL_CONVERSION = YES;
				CLANG_WARN_OBJC_ROOT_CLASS = YES_ERROR;
				CLANG_WARN_QUOTED_INCLUDE_IN_FRAMEWORK_HEADER = YES;
				CLANG_WARN_RANGE_LOOP_ANALYSIS = YES;
				CLANG_WARN_STRICT_PROTOTYPES = YES;
				CLANG_WARN_SUSPICIOUS_MOVE = YES;
				CLANG_WARN_UNGUARDED_AVAILABILITY = YES_AGGRESSIVE;
				CLANG_WARN_UNREACHABLE_CODE = YES;
				CLANG_WARN__DUPLICATE_METHOD_MATCH = YES;
				COPY_PHASE_STRIP = NO;
				DEBUG_INFORMATION_FORMAT = "dwarf-with-dsym";
				ENABLE_NS_ASSERTIONS = NO;
				ENABLE_STRICT_OBJC_MSGSEND = YES;
				ENABLE_USER_SCRIPT_SANDBOXING = YES;
				GCC_C_LANGUAGE_STANDARD = gnu17;
				GCC_NO_COMMON_BLOCKS = YES;
				GCC_WARN_64_TO_32_BIT_CONVERSION = YES;
				GCC_WARN_ABOUT_RETURN_TYPE = YES_ERROR;
				GCC_WARN_UNDECLARED_SELECTOR = YES;
				GCC_WARN_UNINITIALIZED_AUTOS = YES_AGGRESSIVE;
				GCC_WARN_UNUSED_FUNCTION = YES;
				GCC_WARN_UNUSED_VARIABLE = YES;
				IPHONEOS_DEPLOYMENT_TARGET = 17.2;
				LOCALIZATION_PREFERS_STRING_CATALOGS = YES;
				MTL_ENABLE_DEBUG_INFO = NO;
				MTL_FAST_MATH = YES;
				SDKROOT = iphoneos;
				SWIFT_COMPILATION_MODE = wholemodule;
				VALIDATE_PRODUCT = YES;
			};
			name = Release;
		};
		A457D90C2B977443008EE7C4 /* Debug */ = {
			isa = XCBuildConfiguration;
			buildSettings = {
				ASSETCATALOG_COMPILER_APPICON_NAME = AppIcon;
				ASSETCATALOG_COMPILER_GLOBAL_ACCENT_COLOR_NAME = AccentColor;
				CODE_SIGN_STYLE = Automatic;
				CURRENT_PROJECT_VERSION = 1;
				DEVELOPMENT_ASSET_PATHS = "\"SushiBusinessCard/Preview Content\"";
				DEVELOPMENT_TEAM = 87Q87RMH46;
				ENABLE_PREVIEWS = YES;
				GENERATE_INFOPLIST_FILE = YES;
				INFOPLIST_FILE = SushiBusinessCard/Info.plist;
				INFOPLIST_KEY_UIApplicationSceneManifest_Generation = YES;
				INFOPLIST_KEY_UIApplicationSupportsIndirectInputEvents = YES;
				INFOPLIST_KEY_UILaunchScreen_Generation = YES;
				INFOPLIST_KEY_UISupportedInterfaceOrientations_iPad = "UIInterfaceOrientationPortrait UIInterfaceOrientationPortraitUpsideDown UIInterfaceOrientationLandscapeLeft UIInterfaceOrientationLandscapeRight";
				INFOPLIST_KEY_UISupportedInterfaceOrientations_iPhone = "UIInterfaceOrientationPortrait UIInterfaceOrientationLandscapeLeft UIInterfaceOrientationLandscapeRight";
				LD_RUNPATH_SEARCH_PATHS = (
					"$(inherited)",
					"@executable_path/Frameworks",
				);
				MARKETING_VERSION = 1.0;
				PRODUCT_BUNDLE_IDENTIFIER = com.sushi.sushiBusinessCard.SushiBusinessCard;
				PRODUCT_NAME = "$(TARGET_NAME)";
				SWIFT_EMIT_LOC_STRINGS = YES;
				SWIFT_VERSION = 5.0;
				TARGETED_DEVICE_FAMILY = "1,2";
			};
			name = Debug;
		};
		A457D90D2B977443008EE7C4 /* Release */ = {
			isa = XCBuildConfiguration;
			buildSettings = {
				ASSETCATALOG_COMPILER_APPICON_NAME = AppIcon;
				ASSETCATALOG_COMPILER_GLOBAL_ACCENT_COLOR_NAME = AccentColor;
				CODE_SIGN_STYLE = Automatic;
				CURRENT_PROJECT_VERSION = 1;
				DEVELOPMENT_ASSET_PATHS = "\"SushiBusinessCard/Preview Content\"";
				DEVELOPMENT_TEAM = 87Q87RMH46;
				ENABLE_PREVIEWS = YES;
				GENERATE_INFOPLIST_FILE = YES;
				INFOPLIST_FILE = SushiBusinessCard/Info.plist;
				INFOPLIST_KEY_UIApplicationSceneManifest_Generation = YES;
				INFOPLIST_KEY_UIApplicationSupportsIndirectInputEvents = YES;
				INFOPLIST_KEY_UILaunchScreen_Generation = YES;
				INFOPLIST_KEY_UISupportedInterfaceOrientations_iPad = "UIInterfaceOrientationPortrait UIInterfaceOrientationPortraitUpsideDown UIInterfaceOrientationLandscapeLeft UIInterfaceOrientationLandscapeRight";
				INFOPLIST_KEY_UISupportedInterfaceOrientations_iPhone = "UIInterfaceOrientationPortrait UIInterfaceOrientationLandscapeLeft UIInterfaceOrientationLandscapeRight";
				LD_RUNPATH_SEARCH_PATHS = (
					"$(inherited)",
					"@executable_path/Frameworks",
				);
				MARKETING_VERSION = 1.0;
				PRODUCT_BUNDLE_IDENTIFIER = com.sushi.sushiBusinessCard.SushiBusinessCard;
				PRODUCT_NAME = "$(TARGET_NAME)";
				SWIFT_EMIT_LOC_STRINGS = YES;
				SWIFT_VERSION = 5.0;
				TARGETED_DEVICE_FAMILY = "1,2";
			};
			name = Release;
		};
/* End XCBuildConfiguration section */

/* Begin XCConfigurationList section */
		A457D8F82B977442008EE7C4 /* Build configuration list for PBXProject "SushiBusinessCard" */ = {
			isa = XCConfigurationList;
			buildConfigurations = (
				A457D9092B977443008EE7C4 /* Debug */,
				A457D90A2B977443008EE7C4 /* Release */,
			);
			defaultConfigurationIsVisible = 0;
			defaultConfigurationName = Release;
		};
		A457D90B2B977443008EE7C4 /* Build configuration list for PBXNativeTarget "SushiBusinessCard" */ = {
			isa = XCConfigurationList;
			buildConfigurations = (
				A457D90C2B977443008EE7C4 /* Debug */,
				A457D90D2B977443008EE7C4 /* Release */,
			);
			defaultConfigurationIsVisible = 0;
			defaultConfigurationName = Release;
		};
/* End XCConfigurationList section */
	};
	rootObject = A457D8F52B977442008EE7C4 /* Project object */;
}
